
Microsoft Visual Studio Solution File, Format Version 12.00
# Visual Studio Version 16
VisualStudioVersion = 16.0.29613.14
MinimumVisualStudioVersion = 15.0.26124.0
Project("{9A19103F-16F7-4668-BE54-9A1E7A4F7556}") = "single-file", "1-single-file\single-file.csproj", "{E56A8D65-DE0C-43AE-85D4-53EAD6901854}"
EndProject
Project("{9A19103F-16F7-4668-BE54-9A1E7A4F7556}") = "assembly-linking", "2-assembly-linking\assembly-linking.csproj", "{D0315A1D-C497-4583-A947-D0B01DE72AFA}"
EndProject
Project("{9A19103F-16F7-4668-BE54-9A1E7A4F7556}") = "tiered-compilation", "3-tiered-compilation\tiered-compilation.csproj", "{A8B66045-E47B-448E-BC52-3456C9D15CA1}"
EndProject
Project("{9A19103F-16F7-4668-BE54-9A1E7A4F7556}") = "readytorun", "4-readytorun\readytorun.csproj", "{976283ED-83B3-4CDD-9F72-2F387EFBC2D0}"
EndProject
Project("{9A19103F-16F7-4668-BE54-9A1E7A4F7556}") = "csharp8", "csharp8\csharp8.csproj", "{B77865B7-3F6D-477B-AF3E-161E67EA0411}"
EndProject
Project("{2150E333-8FDC-42A3-9474-1A3956D46DE8}") = "winforms", "winforms", "{25557F29-7EB3-4A7B-81BA-6D9C66F31330}"
EndProject
Project("{2150E333-8FDC-42A3-9474-1A3956D46DE8}") = "helloworld-links", "helloworld-links", "{B2AE8968-7D30-44C0-A69A-5FD7CB473700}"
EndProject
Project("{FAE04EC0-301F-11D3-BF4B-00C04F79EFBC}") = "FullFxApp", "winforms\helloworld-links\FullFxApp\FullFxApp.csproj", "{E1B6E485-C8F3-4F3F-BDEE-DBAD28845BFE}"
EndProject
Project("{9A19103F-16F7-4668-BE54-9A1E7A4F7556}") = "NetCore3App", "winforms\helloworld-links\NetCore3App\NetCore3App.csproj", "{691DC337-073C-4DE6-BB3E-FCCD455E0E4D}"
EndProject
Project("{2150E333-8FDC-42A3-9474-1A3956D46DE8}") = "helloworld-sharedsource", "helloworld-sharedsource", "{EE3E8A3F-3D12-4115-8DEA-1A6E10C8AFE7}"
EndProject
Project("{9A19103F-16F7-4668-BE54-9A1E7A4F7556}") = "CoreWindowsFormsApp", "winforms\helloworld-sharedsource\CoreWindowsFormsApp\CoreWindowsFormsApp.csproj", "{6A97ACC8-2F4E-4C57-918A-12A326285E28}"
EndProject
Project("{FAE04EC0-301F-11D3-BF4B-00C04F79EFBC}") = "WindowsFormsApp", "winforms\helloworld-sharedsource\WindowsFormsApp\WindowsFormsApp.csproj", "{0FDAC2AE-B71E-4505-BA3B-820236261240}"
EndProject
Project("{FAE04EC0-301F-11D3-BF4B-00C04F79EFBC}") = "WindowsFormsForm", "winforms\helloworld-sharedsource\WindowsFormsForm\WindowsFormsForm.csproj", "{24FAB4BF-867B-4E88-9DCB-9BF24A87EAAC}"
EndProject
Project("{2150E333-8FDC-42A3-9474-1A3956D46DE8}") = "matching-game", "matching-game", "{BED7857B-386E-437D-BAF3-613AB52DC335}"
EndProject
Project("{9A19103F-16F7-4668-BE54-9A1E7A4F7556}") = "MatchingGameCS", "winforms\matching-game\MatchingGame\MatchingGameCS.csproj", "{21788D86-4E80-48ED-A0BA-80FC8ED9E351}"
EndProject
Project("{2150E333-8FDC-42A3-9474-1A3956D46DE8}") = "wpf", "wpf", "{7B0F02F9-CFAD-45DA-B8B8-50EC75D0CDBC}"
EndProject
Project("{2150E333-8FDC-42A3-9474-1A3956D46DE8}") = "HelloWorld-WithLinkedFiles", "HelloWorld-WithLinkedFiles", "{A7E48C97-B2F9-45A1-87D0-11877C44B98F}"
EndProject
Project("{9A19103F-16F7-4668-BE54-9A1E7A4F7556}") = "HelloWorldCore", "wpf\HelloWorld-WithLinkedFiles\HelloWorldCore\HelloWorldCore.csproj", "{2B9BAD0C-29B3-4584-A775-AA10D3E1FF5D}"
EndProject
Project("{FAE04EC0-301F-11D3-BF4B-00C04F79EFBC}") = "HelloWorldNetFx", "wpf\HelloWorld-WithLinkedFiles\HelloWorldNetFx\HelloWorldNetFx.csproj", "{A754E786-D71E-48EB-A44E-099F28D3A177}"
EndProject
Global
	GlobalSection(SharedMSBuildProjectFiles) = preSolution
		winforms\helloworld-sharedsource\SharedProject1\SharedProject1.projitems*{0fdac2ae-b71e-4505-ba3b-820236261240}*SharedItemsImports = 4
	EndGlobalSection
	GlobalSection(SolutionConfigurationPlatforms) = preSolution
		Debug|Any CPU = Debug|Any CPU
		Debug|x64 = Debug|x64
		Debug|x86 = Debug|x86
		Release|Any CPU = Release|Any CPU
		Release|x64 = Release|x64
		Release|x86 = Release|x86
	EndGlobalSection
	GlobalSection(ProjectConfigurationPlatforms) = postSolution
		{E56A8D65-DE0C-43AE-85D4-53EAD6901854}.Debug|Any CPU.ActiveCfg = Debug|Any CPU
		{E56A8D65-DE0C-43AE-85D4-53EAD6901854}.Debug|Any CPU.Build.0 = Debug|Any CPU
		{E56A8D65-DE0C-43AE-85D4-53EAD6901854}.Debug|x64.ActiveCfg = Debug|Any CPU
		{E56A8D65-DE0C-43AE-85D4-53EAD6901854}.Debug|x64.Build.0 = Debug|Any CPU
		{E56A8D65-DE0C-43AE-85D4-53EAD6901854}.Debug|x86.ActiveCfg = Debug|Any CPU
		{E56A8D65-DE0C-43AE-85D4-53EAD6901854}.Debug|x86.Build.0 = Debug|Any CPU
		{E56A8D65-DE0C-43AE-85D4-53EAD6901854}.Release|Any CPU.ActiveCfg = Release|Any CPU
		{E56A8D65-DE0C-43AE-85D4-53EAD6901854}.Release|Any CPU.Build.0 = Release|Any CPU
		{E56A8D65-DE0C-43AE-85D4-53EAD6901854}.Release|x64.ActiveCfg = Release|Any CPU
		{E56A8D65-DE0C-43AE-85D4-53EAD6901854}.Release|x64.Build.0 = Release|Any CPU
		{E56A8D65-DE0C-43AE-85D4-53EAD6901854}.Release|x86.ActiveCfg = Release|Any CPU
		{E56A8D65-DE0C-43AE-85D4-53EAD6901854}.Release|x86.Build.0 = Release|Any CPU
		{D0315A1D-C497-4583-A947-D0B01DE72AFA}.Debug|Any CPU.ActiveCfg = Debug|Any CPU
		{D0315A1D-C497-4583-A947-D0B01DE72AFA}.Debug|Any CPU.Build.0 = Debug|Any CPU
		{D0315A1D-C497-4583-A947-D0B01DE72AFA}.Debug|x64.ActiveCfg = Debug|Any CPU
		{D0315A1D-C497-4583-A947-D0B01DE72AFA}.Debug|x64.Build.0 = Debug|Any CPU
		{D0315A1D-C497-4583-A947-D0B01DE72AFA}.Debug|x86.ActiveCfg = Debug|Any CPU
		{D0315A1D-C497-4583-A947-D0B01DE72AFA}.Debug|x86.Build.0 = Debug|Any CPU
		{D0315A1D-C497-4583-A947-D0B01DE72AFA}.Release|Any CPU.ActiveCfg = Release|Any CPU
		{D0315A1D-C497-4583-A947-D0B01DE72AFA}.Release|Any CPU.Build.0 = Release|Any CPU
		{D0315A1D-C497-4583-A947-D0B01DE72AFA}.Release|x64.ActiveCfg = Release|Any CPU
		{D0315A1D-C497-4583-A947-D0B01DE72AFA}.Release|x64.Build.0 = Release|Any CPU
		{D0315A1D-C497-4583-A947-D0B01DE72AFA}.Release|x86.ActiveCfg = Release|Any CPU
		{D0315A1D-C497-4583-A947-D0B01DE72AFA}.Release|x86.Build.0 = Release|Any CPU
		{A8B66045-E47B-448E-BC52-3456C9D15CA1}.Debug|Any CPU.ActiveCfg = Debug|Any CPU
		{A8B66045-E47B-448E-BC52-3456C9D15CA1}.Debug|Any CPU.Build.0 = Debug|Any CPU
		{A8B66045-E47B-448E-BC52-3456C9D15CA1}.Debug|x64.ActiveCfg = Debug|Any CPU
		{A8B66045-E47B-448E-BC52-3456C9D15CA1}.Debug|x64.Build.0 = Debug|Any CPU
		{A8B66045-E47B-448E-BC52-3456C9D15CA1}.Debug|x86.ActiveCfg = Debug|Any CPU
		{A8B66045-E47B-448E-BC52-3456C9D15CA1}.Debug|x86.Build.0 = Debug|Any CPU
		{A8B66045-E47B-448E-BC52-3456C9D15CA1}.Release|Any CPU.ActiveCfg = Release|Any CPU
		{A8B66045-E47B-448E-BC52-3456C9D15CA1}.Release|Any CPU.Build.0 = Release|Any CPU
		{A8B66045-E47B-448E-BC52-3456C9D15CA1}.Release|x64.ActiveCfg = Release|Any CPU
		{A8B66045-E47B-448E-BC52-3456C9D15CA1}.Release|x64.Build.0 = Release|Any CPU
		{A8B66045-E47B-448E-BC52-3456C9D15CA1}.Release|x86.ActiveCfg = Release|Any CPU
		{A8B66045-E47B-448E-BC52-3456C9D15CA1}.Release|x86.Build.0 = Release|Any CPU
		{976283ED-83B3-4CDD-9F72-2F387EFBC2D0}.Debug|Any CPU.ActiveCfg = Debug|Any CPU
		{976283ED-83B3-4CDD-9F72-2F387EFBC2D0}.Debug|Any CPU.Build.0 = Debug|Any CPU
		{976283ED-83B3-4CDD-9F72-2F387EFBC2D0}.Debug|x64.ActiveCfg = Debug|Any CPU
		{976283ED-83B3-4CDD-9F72-2F387EFBC2D0}.Debug|x64.Build.0 = Debug|Any CPU
		{976283ED-83B3-4CDD-9F72-2F387EFBC2D0}.Debug|x86.ActiveCfg = Debug|Any CPU
		{976283ED-83B3-4CDD-9F72-2F387EFBC2D0}.Debug|x86.Build.0 = Debug|Any CPU
		{976283ED-83B3-4CDD-9F72-2F387EFBC2D0}.Release|Any CPU.ActiveCfg = Release|Any CPU
		{976283ED-83B3-4CDD-9F72-2F387EFBC2D0}.Release|Any CPU.Build.0 = Release|Any CPU
		{976283ED-83B3-4CDD-9F72-2F387EFBC2D0}.Release|x64.ActiveCfg = Release|Any CPU
		{976283ED-83B3-4CDD-9F72-2F387EFBC2D0}.Release|x64.Build.0 = Release|Any CPU
		{976283ED-83B3-4CDD-9F72-2F387EFBC2D0}.Release|x86.ActiveCfg = Release|Any CPU
		{976283ED-83B3-4CDD-9F72-2F387EFBC2D0}.Release|x86.Build.0 = Release|Any CPU
		{B77865B7-3F6D-477B-AF3E-161E67EA0411}.Debug|Any CPU.ActiveCfg = Debug|Any CPU
		{B77865B7-3F6D-477B-AF3E-161E67EA0411}.Debug|Any CPU.Build.0 = Debug|Any CPU
		{B77865B7-3F6D-477B-AF3E-161E67EA0411}.Debug|x64.ActiveCfg = Debug|Any CPU
		{B77865B7-3F6D-477B-AF3E-161E67EA0411}.Debug|x64.Build.0 = Debug|Any CPU
		{B77865B7-3F6D-477B-AF3E-161E67EA0411}.Debug|x86.ActiveCfg = Debug|Any CPU
		{B77865B7-3F6D-477B-AF3E-161E67EA0411}.Debug|x86.Build.0 = Debug|Any CPU
		{B77865B7-3F6D-477B-AF3E-161E67EA0411}.Release|Any CPU.ActiveCfg = Release|Any CPU
		{B77865B7-3F6D-477B-AF3E-161E67EA0411}.Release|Any CPU.Build.0 = Release|Any CPU
		{B77865B7-3F6D-477B-AF3E-161E67EA0411}.Release|x64.ActiveCfg = Release|Any CPU
		{B77865B7-3F6D-477B-AF3E-161E67EA0411}.Release|x64.Build.0 = Release|Any CPU
		{B77865B7-3F6D-477B-AF3E-161E67EA0411}.Release|x86.ActiveCfg = Release|Any CPU
		{B77865B7-3F6D-477B-AF3E-161E67EA0411}.Release|x86.Build.0 = Release|Any CPU
		{E1B6E485-C8F3-4F3F-BDEE-DBAD28845BFE}.Debug|Any CPU.ActiveCfg = Debug|Any CPU
		{E1B6E485-C8F3-4F3F-BDEE-DBAD28845BFE}.Debug|x64.ActiveCfg = Debug|Any CPU
		{E1B6E485-C8F3-4F3F-BDEE-DBAD28845BFE}.Debug|x64.Build.0 = Debug|Any CPU
		{E1B6E485-C8F3-4F3F-BDEE-DBAD28845BFE}.Debug|x86.ActiveCfg = Debug|Any CPU
		{E1B6E485-C8F3-4F3F-BDEE-DBAD28845BFE}.Debug|x86.Build.0 = Debug|Any CPU
		{E1B6E485-C8F3-4F3F-BDEE-DBAD28845BFE}.Release|Any CPU.ActiveCfg = Debug|Any CPU
		{E1B6E485-C8F3-4F3F-BDEE-DBAD28845BFE}.Release|Any CPU.Build.0 = Debug|Any CPU
		{E1B6E485-C8F3-4F3F-BDEE-DBAD28845BFE}.Release|x64.ActiveCfg = Debug|Any CPU
		{E1B6E485-C8F3-4F3F-BDEE-DBAD28845BFE}.Release|x64.Build.0 = Debug|Any CPU
		{E1B6E485-C8F3-4F3F-BDEE-DBAD28845BFE}.Release|x86.ActiveCfg = Debug|Any CPU
		{E1B6E485-C8F3-4F3F-BDEE-DBAD28845BFE}.Release|x86.Build.0 = Debug|Any CPU
		{691DC337-073C-4DE6-BB3E-FCCD455E0E4D}.Debug|Any CPU.ActiveCfg = Debug|Any CPU
		{691DC337-073C-4DE6-BB3E-FCCD455E0E4D}.Debug|Any CPU.Build.0 = Debug|Any CPU
		{691DC337-073C-4DE6-BB3E-FCCD455E0E4D}.Debug|x64.ActiveCfg = Debug|Any CPU
		{691DC337-073C-4DE6-BB3E-FCCD455E0E4D}.Debug|x64.Build.0 = Debug|Any CPU
		{691DC337-073C-4DE6-BB3E-FCCD455E0E4D}.Debug|x86.ActiveCfg = Debug|Any CPU
		{691DC337-073C-4DE6-BB3E-FCCD455E0E4D}.Debug|x86.Build.0 = Debug|Any CPU
		{691DC337-073C-4DE6-BB3E-FCCD455E0E4D}.Release|Any CPU.ActiveCfg = Release|Any CPU
		{691DC337-073C-4DE6-BB3E-FCCD455E0E4D}.Release|Any CPU.Build.0 = Release|Any CPU
		{691DC337-073C-4DE6-BB3E-FCCD455E0E4D}.Release|x64.ActiveCfg = Release|Any CPU
		{691DC337-073C-4DE6-BB3E-FCCD455E0E4D}.Release|x64.Build.0 = Release|Any CPU
		{691DC337-073C-4DE6-BB3E-FCCD455E0E4D}.Release|x86.ActiveCfg = Release|Any CPU
		{691DC337-073C-4DE6-BB3E-FCCD455E0E4D}.Release|x86.Build.0 = Release|Any CPU
		{6A97ACC8-2F4E-4C57-918A-12A326285E28}.Debug|Any CPU.ActiveCfg = Debug|Any CPU
		{6A97ACC8-2F4E-4C57-918A-12A326285E28}.Debug|Any CPU.Build.0 = Debug|Any CPU
		{6A97ACC8-2F4E-4C57-918A-12A326285E28}.Debug|x64.ActiveCfg = Debug|Any CPU
		{6A97ACC8-2F4E-4C57-918A-12A326285E28}.Debug|x64.Build.0 = Debug|Any CPU
		{6A97ACC8-2F4E-4C57-918A-12A326285E28}.Debug|x86.ActiveCfg = Debug|Any CPU
		{6A97ACC8-2F4E-4C57-918A-12A326285E28}.Debug|x86.Build.0 = Debug|Any CPU
		{6A97ACC8-2F4E-4C57-918A-12A326285E28}.Release|Any CPU.ActiveCfg = Release|Any CPU
		{6A97ACC8-2F4E-4C57-918A-12A326285E28}.Release|Any CPU.Build.0 = Release|Any CPU
		{6A97ACC8-2F4E-4C57-918A-12A326285E28}.Release|x64.ActiveCfg = Release|Any CPU
		{6A97ACC8-2F4E-4C57-918A-12A326285E28}.Release|x64.Build.0 = Release|Any CPU
		{6A97ACC8-2F4E-4C57-918A-12A326285E28}.Release|x86.ActiveCfg = Release|Any CPU
		{6A97ACC8-2F4E-4C57-918A-12A326285E28}.Release|x86.Build.0 = Release|Any CPU
		{0FDAC2AE-B71E-4505-BA3B-820236261240}.Debug|Any CPU.ActiveCfg = Debug|Any CPU
		{0FDAC2AE-B71E-4505-BA3B-820236261240}.Debug|x64.ActiveCfg = Debug|Any CPU
		{0FDAC2AE-B71E-4505-BA3B-820236261240}.Debug|x64.Build.0 = Debug|Any CPU
		{0FDAC2AE-B71E-4505-BA3B-820236261240}.Debug|x86.ActiveCfg = Debug|Any CPU
		{0FDAC2AE-B71E-4505-BA3B-820236261240}.Debug|x86.Build.0 = Debug|Any CPU
		{0FDAC2AE-B71E-4505-BA3B-820236261240}.Release|Any CPU.ActiveCfg = Debug|Any CPU
		{0FDAC2AE-B71E-4505-BA3B-820236261240}.Release|Any CPU.Build.0 = Debug|Any CPU
		{0FDAC2AE-B71E-4505-BA3B-820236261240}.Release|x64.ActiveCfg = Debug|Any CPU
		{0FDAC2AE-B71E-4505-BA3B-820236261240}.Release|x64.Build.0 = Debug|Any CPU
		{0FDAC2AE-B71E-4505-BA3B-820236261240}.Release|x86.ActiveCfg = Debug|Any CPU
		{0FDAC2AE-B71E-4505-BA3B-820236261240}.Release|x86.Build.0 = Debug|Any CPU
		{24FAB4BF-867B-4E88-9DCB-9BF24A87EAAC}.Debug|Any CPU.ActiveCfg = Debug|Any CPU
		{24FAB4BF-867B-4E88-9DCB-9BF24A87EAAC}.Debug|Any CPU.Build.0 = Debug|Any CPU
		{24FAB4BF-867B-4E88-9DCB-9BF24A87EAAC}.Debug|x64.ActiveCfg = Debug|Any CPU
		{24FAB4BF-867B-4E88-9DCB-9BF24A87EAAC}.Debug|x64.Build.0 = Debug|Any CPU
		{24FAB4BF-867B-4E88-9DCB-9BF24A87EAAC}.Debug|x86.ActiveCfg = Debug|Any CPU
		{24FAB4BF-867B-4E88-9DCB-9BF24A87EAAC}.Debug|x86.Build.0 = Debug|Any CPU
		{24FAB4BF-867B-4E88-9DCB-9BF24A87EAAC}.Release|Any CPU.ActiveCfg = Debug|Any CPU
		{24FAB4BF-867B-4E88-9DCB-9BF24A87EAAC}.Release|Any CPU.Build.0 = Debug|Any CPU
		{24FAB4BF-867B-4E88-9DCB-9BF24A87EAAC}.Release|x64.ActiveCfg = Debug|Any CPU
		{24FAB4BF-867B-4E88-9DCB-9BF24A87EAAC}.Release|x64.Build.0 = Debug|Any CPU
		{24FAB4BF-867B-4E88-9DCB-9BF24A87EAAC}.Release|x86.ActiveCfg = Debug|Any CPU
		{24FAB4BF-867B-4E88-9DCB-9BF24A87EAAC}.Release|x86.Build.0 = Debug|Any CPU
		{21788D86-4E80-48ED-A0BA-80FC8ED9E351}.Debug|Any CPU.ActiveCfg = Debug|Any CPU
		{21788D86-4E80-48ED-A0BA-80FC8ED9E351}.Debug|Any CPU.Build.0 = Debug|Any CPU
		{21788D86-4E80-48ED-A0BA-80FC8ED9E351}.Debug|x64.ActiveCfg = Debug|Any CPU
		{21788D86-4E80-48ED-A0BA-80FC8ED9E351}.Debug|x64.Build.0 = Debug|Any CPU
		{21788D86-4E80-48ED-A0BA-80FC8ED9E351}.Debug|x86.ActiveCfg = Debug|Any CPU
		{21788D86-4E80-48ED-A0BA-80FC8ED9E351}.Debug|x86.Build.0 = Debug|Any CPU
		{21788D86-4E80-48ED-A0BA-80FC8ED9E351}.Release|Any CPU.ActiveCfg = Release|Any CPU
		{21788D86-4E80-48ED-A0BA-80FC8ED9E351}.Release|Any CPU.Build.0 = Release|Any CPU
		{21788D86-4E80-48ED-A0BA-80FC8ED9E351}.Release|x64.ActiveCfg = Release|Any CPU
		{21788D86-4E80-48ED-A0BA-80FC8ED9E351}.Release|x64.Build.0 = Release|Any CPU
		{21788D86-4E80-48ED-A0BA-80FC8ED9E351}.Release|x86.ActiveCfg = Release|Any CPU
		{21788D86-4E80-48ED-A0BA-80FC8ED9E351}.Release|x86.Build.0 = Release|Any CPU
		{2B9BAD0C-29B3-4584-A775-AA10D3E1FF5D}.Debug|Any CPU.ActiveCfg = Debug|Any CPU
		{2B9BAD0C-29B3-4584-A775-AA10D3E1FF5D}.Debug|Any CPU.Build.0 = Debug|Any CPU
		{2B9BAD0C-29B3-4584-A775-AA10D3E1FF5D}.Debug|x64.ActiveCfg = Debug|Any CPU
		{2B9BAD0C-29B3-4584-A775-AA10D3E1FF5D}.Debug|x64.Build.0 = Debug|Any CPU
		{2B9BAD0C-29B3-4584-A775-AA10D3E1FF5D}.Debug|x86.ActiveCfg = Debug|Any CPU
		{2B9BAD0C-29B3-4584-A775-AA10D3E1FF5D}.Debug|x86.Build.0 = Debug|Any CPU
		{2B9BAD0C-29B3-4584-A775-AA10D3E1FF5D}.Release|Any CPU.ActiveCfg = Release|Any CPU
		{2B9BAD0C-29B3-4584-A775-AA10D3E1FF5D}.Release|Any CPU.Build.0 = Release|Any CPU
		{2B9BAD0C-29B3-4584-A775-AA10D3E1FF5D}.Release|x64.ActiveCfg = Release|Any CPU
		{2B9BAD0C-29B3-4584-A775-AA10D3E1FF5D}.Release|x64.Build.0 = Release|Any CPU
		{2B9BAD0C-29B3-4584-A775-AA10D3E1FF5D}.Release|x86.ActiveCfg = Release|Any CPU
		{2B9BAD0C-29B3-4584-A775-AA10D3E1FF5D}.Release|x86.Build.0 = Release|Any CPU
		{A754E786-D71E-48EB-A44E-099F28D3A177}.Debug|Any CPU.ActiveCfg = Debug|Any CPU
		{A754E786-D71E-48EB-A44E-099F28D3A177}.Debug|x64.ActiveCfg = Debug|Any CPU
		{A754E786-D71E-48EB-A44E-099F28D3A177}.Debug|x64.Build.0 = Debug|Any CPU
		{A754E786-D71E-48EB-A44E-099F28D3A177}.Debug|x86.ActiveCfg = Debug|Any CPU
		{A754E786-D71E-48EB-A44E-099F28D3A177}.Debug|x86.Build.0 = Debug|Any CPU
		{A754E786-D71E-48EB-A44E-099F28D3A177}.Release|Any CPU.ActiveCfg = Debug|Any CPU
		{A754E786-D71E-48EB-A44E-099F28D3A177}.Release|Any CPU.Build.0 = Debug|Any CPU
		{A754E786-D71E-48EB-A44E-099F28D3A177}.Release|x64.ActiveCfg = Debug|Any CPU
		{A754E786-D71E-48EB-A44E-099F28D3A177}.Release|x64.Build.0 = Debug|Any CPU
		{A754E786-D71E-48EB-A44E-099F28D3A177}.Release|x86.ActiveCfg = Debug|Any CPU
		{A754E786-D71E-48EB-A44E-099F28D3A177}.Release|x86.Build.0 = Debug|Any CPU
	EndGlobalSection
	GlobalSection(SolutionProperties) = preSolution
		HideSolutionNode = FALSE
	EndGlobalSection
	GlobalSection(NestedProjects) = preSolution
		{B2AE8968-7D30-44C0-A69A-5FD7CB473700} = {25557F29-7EB3-4A7B-81BA-6D9C66F31330}
		{E1B6E485-C8F3-4F3F-BDEE-DBAD28845BFE} = {B2AE8968-7D30-44C0-A69A-5FD7CB473700}
		{691DC337-073C-4DE6-BB3E-FCCD455E0E4D} = {B2AE8968-7D30-44C0-A69A-5FD7CB473700}
		{EE3E8A3F-3D12-4115-8DEA-1A6E10C8AFE7} = {25557F29-7EB3-4A7B-81BA-6D9C66F31330}
		{6A97ACC8-2F4E-4C57-918A-12A326285E28} = {EE3E8A3F-3D12-4115-8DEA-1A6E10C8AFE7}
		{0FDAC2AE-B71E-4505-BA3B-820236261240} = {EE3E8A3F-3D12-4115-8DEA-1A6E10C8AFE7}
		{24FAB4BF-867B-4E88-9DCB-9BF24A87EAAC} = {EE3E8A3F-3D12-4115-8DEA-1A6E10C8AFE7}
		{BED7857B-386E-437D-BAF3-613AB52DC335} = {25557F29-7EB3-4A7B-81BA-6D9C66F31330}
		{21788D86-4E80-48ED-A0BA-80FC8ED9E351} = {BED7857B-386E-437D-BAF3-613AB52DC335}
		{A7E48C97-B2F9-45A1-87D0-11877C44B98F} = {7B0F02F9-CFAD-45DA-B8B8-50EC75D0CDBC}
		{2B9BAD0C-29B3-4584-A775-AA10D3E1FF5D} = {A7E48C97-B2F9-45A1-87D0-11877C44B98F}
		{A754E786-D71E-48EB-A44E-099F28D3A177} = {A7E48C97-B2F9-45A1-87D0-11877C44B98F}
	EndGlobalSection
	GlobalSection(ExtensibilityGlobals) = postSolution
		SolutionGuid = {729C8956-97C9-4C02-92C1-06D1196D0B50}
	EndGlobalSection
EndGlobal
