
Microsoft Visual Studio Solution File, Format Version 12.00
# Visual Studio 15
VisualStudioVersion = 15.0.26124.0
MinimumVisualStudioVersion = 15.0.26124.0
Project("{FAE04EC0-301F-11D3-BF4B-00C04F79EFBC}") = "single-file", "1-single-file\single-file.csproj", "{E56A8D65-DE0C-43AE-85D4-53EAD6901854}"
EndProject
Project("{FAE04EC0-301F-11D3-BF4B-00C04F79EFBC}") = "assembly-linking", "2-assembly-linking\assembly-linking.csproj", "{D0315A1D-C497-4583-A947-D0B01DE72AFA}"
EndProject
Project("{FAE04EC0-301F-11D3-BF4B-00C04F79EFBC}") = "tiered-compilation", "3-tiered-compilation\tiered-compilation.csproj", "{A8B66045-E47B-448E-BC52-3456C9D15CA1}"
EndProject
Project("{FAE04EC0-301F-11D3-BF4B-00C04F79EFBC}") = "readytorun", "4-readytorun\readytorun.csproj", "{976283ED-83B3-4CDD-9F72-2F387EFBC2D0}"
EndProject
Project("{FAE04EC0-301F-11D3-BF4B-00C04F79EFBC}") = "csharp8", "csharp8\csharp8.csproj", "{B77865B7-3F6D-477B-AF3E-161E67EA0411}"
EndProject
Global
	GlobalSection(SolutionProperties) = preSolution
		HideSolutionNode = FALSE
	EndGlobalSection
	GlobalSection(SolutionConfigurationPlatforms) = preSolution
		Debug|Any CPU = Debug|Any CPU
		Debug|x64 = Debug|x64
		Debug|x86 = Debug|x86
		Release|Any CPU = Release|Any CPU
		Release|x64 = Release|x64
		Release|x86 = Release|x86
	EndGlobalSection
	GlobalSection(ProjectConfigurationPlatforms) = postSolution
		{E56A8D65-DE0C-43AE-85D4-53EAD6901854}.Debug|Any CPU.ActiveCfg = Debug|Any CPU
		{E56A8D65-DE0C-43AE-85D4-53EAD6901854}.Debug|Any CPU.Build.0 = Debug|Any CPU
		{E56A8D65-DE0C-43AE-85D4-53EAD6901854}.Debug|x64.ActiveCfg = Debug|Any CPU
		{E56A8D65-DE0C-43AE-85D4-53EAD6901854}.Debug|x64.Build.0 = Debug|Any CPU
		{E56A8D65-DE0C-43AE-85D4-53EAD6901854}.Debug|x86.ActiveCfg = Debug|Any CPU
		{E56A8D65-DE0C-43AE-85D4-53EAD6901854}.Debug|x86.Build.0 = Debug|Any CPU
		{E56A8D65-DE0C-43AE-85D4-53EAD6901854}.Release|Any CPU.ActiveCfg = Release|Any CPU
		{E56A8D65-DE0C-43AE-85D4-53EAD6901854}.Release|Any CPU.Build.0 = Release|Any CPU
		{E56A8D65-DE0C-43AE-85D4-53EAD6901854}.Release|x64.ActiveCfg = Release|Any CPU
		{E56A8D65-DE0C-43AE-85D4-53EAD6901854}.Release|x64.Build.0 = Release|Any CPU
		{E56A8D65-DE0C-43AE-85D4-53EAD6901854}.Release|x86.ActiveCfg = Release|Any CPU
		{E56A8D65-DE0C-43AE-85D4-53EAD6901854}.Release|x86.Build.0 = Release|Any CPU
		{D0315A1D-C497-4583-A947-D0B01DE72AFA}.Debug|Any CPU.ActiveCfg = Debug|Any CPU
		{D0315A1D-C497-4583-A947-D0B01DE72AFA}.Debug|Any CPU.Build.0 = Debug|Any CPU
		{D0315A1D-C497-4583-A947-D0B01DE72AFA}.Debug|x64.ActiveCfg = Debug|Any CPU
		{D0315A1D-C497-4583-A947-D0B01DE72AFA}.Debug|x64.Build.0 = Debug|Any CPU
		{D0315A1D-C497-4583-A947-D0B01DE72AFA}.Debug|x86.ActiveCfg = Debug|Any CPU
		{D0315A1D-C497-4583-A947-D0B01DE72AFA}.Debug|x86.Build.0 = Debug|Any CPU
		{D0315A1D-C497-4583-A947-D0B01DE72AFA}.Release|Any CPU.ActiveCfg = Release|Any CPU
		{D0315A1D-C497-4583-A947-D0B01DE72AFA}.Release|Any CPU.Build.0 = Release|Any CPU
		{D0315A1D-C497-4583-A947-D0B01DE72AFA}.Release|x64.ActiveCfg = Release|Any CPU
		{D0315A1D-C497-4583-A947-D0B01DE72AFA}.Release|x64.Build.0 = Release|Any CPU
		{D0315A1D-C497-4583-A947-D0B01DE72AFA}.Release|x86.ActiveCfg = Release|Any CPU
		{D0315A1D-C497-4583-A947-D0B01DE72AFA}.Release|x86.Build.0 = Release|Any CPU
		{A8B66045-E47B-448E-BC52-3456C9D15CA1}.Debug|Any CPU.ActiveCfg = Debug|Any CPU
		{A8B66045-E47B-448E-BC52-3456C9D15CA1}.Debug|Any CPU.Build.0 = Debug|Any CPU
		{A8B66045-E47B-448E-BC52-3456C9D15CA1}.Debug|x64.ActiveCfg = Debug|Any CPU
		{A8B66045-E47B-448E-BC52-3456C9D15CA1}.Debug|x64.Build.0 = Debug|Any CPU
		{A8B66045-E47B-448E-BC52-3456C9D15CA1}.Debug|x86.ActiveCfg = Debug|Any CPU
		{A8B66045-E47B-448E-BC52-3456C9D15CA1}.Debug|x86.Build.0 = Debug|Any CPU
		{A8B66045-E47B-448E-BC52-3456C9D15CA1}.Release|Any CPU.ActiveCfg = Release|Any CPU
		{A8B66045-E47B-448E-BC52-3456C9D15CA1}.Release|Any CPU.Build.0 = Release|Any CPU
		{A8B66045-E47B-448E-BC52-3456C9D15CA1}.Release|x64.ActiveCfg = Release|Any CPU
		{A8B66045-E47B-448E-BC52-3456C9D15CA1}.Release|x64.Build.0 = Release|Any CPU
		{A8B66045-E47B-448E-BC52-3456C9D15CA1}.Release|x86.ActiveCfg = Release|Any CPU
		{A8B66045-E47B-448E-BC52-3456C9D15CA1}.Release|x86.Build.0 = Release|Any CPU
		{976283ED-83B3-4CDD-9F72-2F387EFBC2D0}.Debug|Any CPU.ActiveCfg = Debug|Any CPU
		{976283ED-83B3-4CDD-9F72-2F387EFBC2D0}.Debug|Any CPU.Build.0 = Debug|Any CPU
		{976283ED-83B3-4CDD-9F72-2F387EFBC2D0}.Debug|x64.ActiveCfg = Debug|Any CPU
		{976283ED-83B3-4CDD-9F72-2F387EFBC2D0}.Debug|x64.Build.0 = Debug|Any CPU
		{976283ED-83B3-4CDD-9F72-2F387EFBC2D0}.Debug|x86.ActiveCfg = Debug|Any CPU
		{976283ED-83B3-4CDD-9F72-2F387EFBC2D0}.Debug|x86.Build.0 = Debug|Any CPU
		{976283ED-83B3-4CDD-9F72-2F387EFBC2D0}.Release|Any CPU.ActiveCfg = Release|Any CPU
		{976283ED-83B3-4CDD-9F72-2F387EFBC2D0}.Release|Any CPU.Build.0 = Release|Any CPU
		{976283ED-83B3-4CDD-9F72-2F387EFBC2D0}.Release|x64.ActiveCfg = Release|Any CPU
		{976283ED-83B3-4CDD-9F72-2F387EFBC2D0}.Release|x64.Build.0 = Release|Any CPU
		{976283ED-83B3-4CDD-9F72-2F387EFBC2D0}.Release|x86.ActiveCfg = Release|Any CPU
		{976283ED-83B3-4CDD-9F72-2F387EFBC2D0}.Release|x86.Build.0 = Release|Any CPU
		{B77865B7-3F6D-477B-AF3E-161E67EA0411}.Debug|Any CPU.ActiveCfg = Debug|Any CPU
		{B77865B7-3F6D-477B-AF3E-161E67EA0411}.Debug|Any CPU.Build.0 = Debug|Any CPU
		{B77865B7-3F6D-477B-AF3E-161E67EA0411}.Debug|x64.ActiveCfg = Debug|Any CPU
		{B77865B7-3F6D-477B-AF3E-161E67EA0411}.Debug|x64.Build.0 = Debug|Any CPU
		{B77865B7-3F6D-477B-AF3E-161E67EA0411}.Debug|x86.ActiveCfg = Debug|Any CPU
		{B77865B7-3F6D-477B-AF3E-161E67EA0411}.Debug|x86.Build.0 = Debug|Any CPU
		{B77865B7-3F6D-477B-AF3E-161E67EA0411}.Release|Any CPU.ActiveCfg = Release|Any CPU
		{B77865B7-3F6D-477B-AF3E-161E67EA0411}.Release|Any CPU.Build.0 = Release|Any CPU
		{B77865B7-3F6D-477B-AF3E-161E67EA0411}.Release|x64.ActiveCfg = Release|Any CPU
		{B77865B7-3F6D-477B-AF3E-161E67EA0411}.Release|x64.Build.0 = Release|Any CPU
		{B77865B7-3F6D-477B-AF3E-161E67EA0411}.Release|x86.ActiveCfg = Release|Any CPU
		{B77865B7-3F6D-477B-AF3E-161E67EA0411}.Release|x86.Build.0 = Release|Any CPU
	EndGlobalSection
EndGlobal
