
Microsoft Visual Studio Solution File, Format Version 12.00
# Visual Studio 15
VisualStudioVersion = 15.0.26124.0
MinimumVisualStudioVersion = 15.0.26124.0
Project("{FAE04EC0-301F-11D3-BF4B-00C04F79EFBC}") = "assembly-linking", "assembly-linking\assembly-linking.csproj", "{74344C65-34EC-4FEB-BA79-70316A080184}"
EndProject
Project("{FAE04EC0-301F-11D3-BF4B-00C04F79EFBC}") = "readytorun", "readytorun\readytorun.csproj", "{6B71F726-F96D-4678-86D8-4E11F4B212AD}"
EndProject
Project("{FAE04EC0-301F-11D3-BF4B-00C04F79EFBC}") = "single-file", "single-file\single-file.csproj", "{03C97BA0-B13D-40FD-9E73-296DE6C3DE8A}"
EndProject
Project("{FAE04EC0-301F-11D3-BF4B-00C04F79EFBC}") = "tiered-compilation", "tiered-compilation\tiered-compilation.csproj", "{2088EEE1-D1F3-4447-89C5-E2360485CE87}"
EndProject
Global
	GlobalSection(SolutionConfigurationPlatforms) = preSolution
		Debug|Any CPU = Debug|Any CPU
		Debug|x64 = Debug|x64
		Debug|x86 = Debug|x86
		Release|Any CPU = Release|Any CPU
		Release|x64 = Release|x64
		Release|x86 = Release|x86
	EndGlobalSection
	GlobalSection(SolutionProperties) = preSolution
		HideSolutionNode = FALSE
	EndGlobalSection
	GlobalSection(ProjectConfigurationPlatforms) = postSolution
		{74344C65-34EC-4FEB-BA79-70316A080184}.Debug|Any CPU.ActiveCfg = Debug|Any CPU
		{74344C65-34EC-4FEB-BA79-70316A080184}.Debug|Any CPU.Build.0 = Debug|Any CPU
		{74344C65-34EC-4FEB-BA79-70316A080184}.Debug|x64.ActiveCfg = Debug|Any CPU
		{74344C65-34EC-4FEB-BA79-70316A080184}.Debug|x64.Build.0 = Debug|Any CPU
		{74344C65-34EC-4FEB-BA79-70316A080184}.Debug|x86.ActiveCfg = Debug|Any CPU
		{74344C65-34EC-4FEB-BA79-70316A080184}.Debug|x86.Build.0 = Debug|Any CPU
		{74344C65-34EC-4FEB-BA79-70316A080184}.Release|Any CPU.ActiveCfg = Release|Any CPU
		{74344C65-34EC-4FEB-BA79-70316A080184}.Release|Any CPU.Build.0 = Release|Any CPU
		{74344C65-34EC-4FEB-BA79-70316A080184}.Release|x64.ActiveCfg = Release|Any CPU
		{74344C65-34EC-4FEB-BA79-70316A080184}.Release|x64.Build.0 = Release|Any CPU
		{74344C65-34EC-4FEB-BA79-70316A080184}.Release|x86.ActiveCfg = Release|Any CPU
		{74344C65-34EC-4FEB-BA79-70316A080184}.Release|x86.Build.0 = Release|Any CPU
		{6B71F726-F96D-4678-86D8-4E11F4B212AD}.Debug|Any CPU.ActiveCfg = Debug|Any CPU
		{6B71F726-F96D-4678-86D8-4E11F4B212AD}.Debug|Any CPU.Build.0 = Debug|Any CPU
		{6B71F726-F96D-4678-86D8-4E11F4B212AD}.Debug|x64.ActiveCfg = Debug|Any CPU
		{6B71F726-F96D-4678-86D8-4E11F4B212AD}.Debug|x64.Build.0 = Debug|Any CPU
		{6B71F726-F96D-4678-86D8-4E11F4B212AD}.Debug|x86.ActiveCfg = Debug|Any CPU
		{6B71F726-F96D-4678-86D8-4E11F4B212AD}.Debug|x86.Build.0 = Debug|Any CPU
		{6B71F726-F96D-4678-86D8-4E11F4B212AD}.Release|Any CPU.ActiveCfg = Release|Any CPU
		{6B71F726-F96D-4678-86D8-4E11F4B212AD}.Release|Any CPU.Build.0 = Release|Any CPU
		{6B71F726-F96D-4678-86D8-4E11F4B212AD}.Release|x64.ActiveCfg = Release|Any CPU
		{6B71F726-F96D-4678-86D8-4E11F4B212AD}.Release|x64.Build.0 = Release|Any CPU
		{6B71F726-F96D-4678-86D8-4E11F4B212AD}.Release|x86.ActiveCfg = Release|Any CPU
		{6B71F726-F96D-4678-86D8-4E11F4B212AD}.Release|x86.Build.0 = Release|Any CPU
		{03C97BA0-B13D-40FD-9E73-296DE6C3DE8A}.Debug|Any CPU.ActiveCfg = Debug|Any CPU
		{03C97BA0-B13D-40FD-9E73-296DE6C3DE8A}.Debug|Any CPU.Build.0 = Debug|Any CPU
		{03C97BA0-B13D-40FD-9E73-296DE6C3DE8A}.Debug|x64.ActiveCfg = Debug|Any CPU
		{03C97BA0-B13D-40FD-9E73-296DE6C3DE8A}.Debug|x64.Build.0 = Debug|Any CPU
		{03C97BA0-B13D-40FD-9E73-296DE6C3DE8A}.Debug|x86.ActiveCfg = Debug|Any CPU
		{03C97BA0-B13D-40FD-9E73-296DE6C3DE8A}.Debug|x86.Build.0 = Debug|Any CPU
		{03C97BA0-B13D-40FD-9E73-296DE6C3DE8A}.Release|Any CPU.ActiveCfg = Release|Any CPU
		{03C97BA0-B13D-40FD-9E73-296DE6C3DE8A}.Release|Any CPU.Build.0 = Release|Any CPU
		{03C97BA0-B13D-40FD-9E73-296DE6C3DE8A}.Release|x64.ActiveCfg = Release|Any CPU
		{03C97BA0-B13D-40FD-9E73-296DE6C3DE8A}.Release|x64.Build.0 = Release|Any CPU
		{03C97BA0-B13D-40FD-9E73-296DE6C3DE8A}.Release|x86.ActiveCfg = Release|Any CPU
		{03C97BA0-B13D-40FD-9E73-296DE6C3DE8A}.Release|x86.Build.0 = Release|Any CPU
		{2088EEE1-D1F3-4447-89C5-E2360485CE87}.Debug|Any CPU.ActiveCfg = Debug|Any CPU
		{2088EEE1-D1F3-4447-89C5-E2360485CE87}.Debug|Any CPU.Build.0 = Debug|Any CPU
		{2088EEE1-D1F3-4447-89C5-E2360485CE87}.Debug|x64.ActiveCfg = Debug|Any CPU
		{2088EEE1-D1F3-4447-89C5-E2360485CE87}.Debug|x64.Build.0 = Debug|Any CPU
		{2088EEE1-D1F3-4447-89C5-E2360485CE87}.Debug|x86.ActiveCfg = Debug|Any CPU
		{2088EEE1-D1F3-4447-89C5-E2360485CE87}.Debug|x86.Build.0 = Debug|Any CPU
		{2088EEE1-D1F3-4447-89C5-E2360485CE87}.Release|Any CPU.ActiveCfg = Release|Any CPU
		{2088EEE1-D1F3-4447-89C5-E2360485CE87}.Release|Any CPU.Build.0 = Release|Any CPU
		{2088EEE1-D1F3-4447-89C5-E2360485CE87}.Release|x64.ActiveCfg = Release|Any CPU
		{2088EEE1-D1F3-4447-89C5-E2360485CE87}.Release|x64.Build.0 = Release|Any CPU
		{2088EEE1-D1F3-4447-89C5-E2360485CE87}.Release|x86.ActiveCfg = Release|Any CPU
		{2088EEE1-D1F3-4447-89C5-E2360485CE87}.Release|x86.Build.0 = Release|Any CPU
	EndGlobalSection
EndGlobal
